
Microsoft Visual Studio Solution File, Format Version 12.00
# Visual Studio Version 16
VisualStudioVersion = 16.0.30114.105
MinimumVisualStudioVersion = 10.0.40219.1
Project("{FAE04EC0-301F-11D3-BF4B-00C04F79EFBC}") = "FiveM-Launcher", "FiveM-Launcher\FiveM-Launcher.csproj", "{726F438B-A9C6-4BFA-A4E0-3E7B90069FD2}"
EndProject
Global
	GlobalSection(SolutionConfigurationPlatforms) = preSolution
		Debug|Any CPU = Debug|Any CPU
		Release|Any CPU = Release|Any CPU
	EndGlobalSection
	GlobalSection(ProjectConfigurationPlatforms) = postSolution
		{726F438B-A9C6-4BFA-A4E0-3E7B90069FD2}.Debug|Any CPU.ActiveCfg = Debug|Any CPU
		{726F438B-A9C6-4BFA-A4E0-3E7B90069FD2}.Debug|Any CPU.Build.0 = Debug|Any CPU
		{726F438B-A9C6-4BFA-A4E0-3E7B90069FD2}.Release|Any CPU.ActiveCfg = Release|Any CPU
		{726F438B-A9C6-4BFA-A4E0-3E7B90069FD2}.Release|Any CPU.Build.0 = Release|Any CPU
	EndGlobalSection
	GlobalSection(SolutionProperties) = preSolution
		HideSolutionNode = FALSE
	EndGlobalSection
	GlobalSection(ExtensibilityGlobals) = postSolution
		SolutionGuid = {191B26ED-97D9-4195-AF9B-A34A4CD68E69}
	EndGlobalSection
EndGlobal
